
Microsoft Visual Studio Solution File, Format Version 12.00
# Visual Studio 14
VisualStudioVersion = 14.0.25123.0
MinimumVisualStudioVersion = 10.0.40219.1
Project("{2150E333-8FDC-42A3-9474-1A3956D46DE8}") = "src", "src", "{AFA781FA-307A-43FB-853C-2096D2CA1BEF}"
EndProject
Project("{2150E333-8FDC-42A3-9474-1A3956D46DE8}") = "Solution Items", "Solution Items", "{A9AA520A-014B-406E-8941-CC52D2728DB3}"
	ProjectSection(SolutionItems) = preProject
		global.json = global.json
	EndProjectSection
EndProject
Project("{8BB2217D-0F2D-49D1-97BC-3654ED321F3B}") = "LMS", "src\LMS\LMS.xproj", "{44A1F002-3063-4F22-9694-2D021B4C625D}"
EndProject
Global
	GlobalSection(SolutionConfigurationPlatforms) = preSolution
		Debug|Any CPU = Debug|Any CPU
		Release|Any CPU = Release|Any CPU
	EndGlobalSection
	GlobalSection(ProjectConfigurationPlatforms) = postSolution
		{44A1F002-3063-4F22-9694-2D021B4C625D}.Debug|Any CPU.ActiveCfg = Debug|Any CPU
		{44A1F002-3063-4F22-9694-2D021B4C625D}.Debug|Any CPU.Build.0 = Debug|Any CPU
		{44A1F002-3063-4F22-9694-2D021B4C625D}.Release|Any CPU.ActiveCfg = Release|Any CPU
		{44A1F002-3063-4F22-9694-2D021B4C625D}.Release|Any CPU.Build.0 = Release|Any CPU
	EndGlobalSection
	GlobalSection(SolutionProperties) = preSolution
		HideSolutionNode = FALSE
	EndGlobalSection
	GlobalSection(NestedProjects) = preSolution
		{44A1F002-3063-4F22-9694-2D021B4C625D} = {AFA781FA-307A-43FB-853C-2096D2CA1BEF}
	EndGlobalSection
EndGlobal
